// !$*UTF8*$!
{
	archiveVersion = 1;
	classes = {
	};
	objectVersion = 50;
	objects = {

/* Begin PBXBuildFile section */
		04ED95A3A24C46411A445054 /* Pods_SpotifyMeTests.framework in Frameworks */ = {isa = PBXBuildFile; fileRef = 6F8A0BAA6C03C065FCDCD6DA /* Pods_SpotifyMeTests.framework */; };
		4B86186BD96DF1B3E885A7F8 /* Pods_SpotifyMe.framework in Frameworks */ = {isa = PBXBuildFile; fileRef = 73B28BA562DBA04456F42DB2 /* Pods_SpotifyMe.framework */; };
		6657441C961B4641F86D0A81 /* Pods_SpotifyMe_SpotifyMeUITests.framework in Frameworks */ = {isa = PBXBuildFile; fileRef = 4E810A7C706273DCC5ABF959 /* Pods_SpotifyMe_SpotifyMeUITests.framework */; };
		B701C801260F9C19003CDE06 /* PublicUser.swift in Sources */ = {isa = PBXBuildFile; fileRef = B701C800260F9C19003CDE06 /* PublicUser.swift */; };
		B710959426127BC60083D8DD /* DownloadManager.swift in Sources */ = {isa = PBXBuildFile; fileRef = B710959326127BC60083D8DD /* DownloadManager.swift */; };
		B710959926127DB50083D8DD /* SpotifyAuthorizationConfig.swift in Sources */ = {isa = PBXBuildFile; fileRef = B710959826127DB40083D8DD /* SpotifyAuthorizationConfig.swift */; };
		B7131F522624E4FA0052CC9C /* PopularArtistsCollectionView.swift in Sources */ = {isa = PBXBuildFile; fileRef = B7131F512624E4FA0052CC9C /* PopularArtistsCollectionView.swift */; };
		B715CD43261330C500DE22BD /* SpotifyService.swift in Sources */ = {isa = PBXBuildFile; fileRef = B715CD42261330C500DE22BD /* SpotifyService.swift */; };
		B72298F725FA731600CFD6A7 /* AppDelegate.swift in Sources */ = {isa = PBXBuildFile; fileRef = B72298F625FA731600CFD6A7 /* AppDelegate.swift */; };
		B72298F925FA731600CFD6A7 /* SceneDelegate.swift in Sources */ = {isa = PBXBuildFile; fileRef = B72298F825FA731600CFD6A7 /* SceneDelegate.swift */; };
		B722990125FA731600CFD6A7 /* SpotifyMe.xcdatamodeld in Sources */ = {isa = PBXBuildFile; fileRef = B72298FF25FA731600CFD6A7 /* SpotifyMe.xcdatamodeld */; };
		B722990325FA731700CFD6A7 /* Assets.xcassets in Resources */ = {isa = PBXBuildFile; fileRef = B722990225FA731700CFD6A7 /* Assets.xcassets */; };
		B722991125FA731800CFD6A7 /* SpotifyMeTests.swift in Sources */ = {isa = PBXBuildFile; fileRef = B722991025FA731800CFD6A7 /* SpotifyMeTests.swift */; };
		B722991C25FA731800CFD6A7 /* SpotifyMeUITests.swift in Sources */ = {isa = PBXBuildFile; fileRef = B722991B25FA731800CFD6A7 /* SpotifyMeUITests.swift */; };
		B7254375262557CD0037DE31 /* FeaturedPlaylistsCollectionView.swift in Sources */ = {isa = PBXBuildFile; fileRef = B7254374262557CD0037DE31 /* FeaturedPlaylistsCollectionView.swift */; };
		B725437A26255E160037DE31 /* FeaturedPlaylistCollectionViewCell.swift in Sources */ = {isa = PBXBuildFile; fileRef = B725437926255E160037DE31 /* FeaturedPlaylistCollectionViewCell.swift */; };
		B725438726256E0D0037DE31 /* NewReleasesCollectionView.swift in Sources */ = {isa = PBXBuildFile; fileRef = B725438626256E0D0037DE31 /* NewReleasesCollectionView.swift */; };
		B725438C2625700E0037DE31 /* NewReleaseCollectionViewCell.swift in Sources */ = {isa = PBXBuildFile; fileRef = B725438B2625700E0037DE31 /* NewReleaseCollectionViewCell.swift */; };
		B727C5B2260E7E7300F9F1FB /* LibraryViewController.swift in Sources */ = {isa = PBXBuildFile; fileRef = B727C5B1260E7E7300F9F1FB /* LibraryViewController.swift */; };
		B727C5B8260E86D400F9F1FB /* UIView+Pin.swift in Sources */ = {isa = PBXBuildFile; fileRef = B727C5B7260E86D400F9F1FB /* UIView+Pin.swift */; };
		B727C5BD260E870400F9F1FB /* String+Image.swift in Sources */ = {isa = PBXBuildFile; fileRef = B727C5BC260E870400F9F1FB /* String+Image.swift */; };
		B727C5C8260E892600F9F1FB /* PlaylistViewCell.swift in Sources */ = {isa = PBXBuildFile; fileRef = B727C5C7260E892600F9F1FB /* PlaylistViewCell.swift */; };
		B7280BFF260CEAE2004472A6 /* WelcomeViewController.swift in Sources */ = {isa = PBXBuildFile; fileRef = B7280BFE260CEAE2004472A6 /* WelcomeViewController.swift */; };
		B72F73ED25FF842100B6AF55 /* UserSession+CoreDataClass.swift in Sources */ = {isa = PBXBuildFile; fileRef = B72F73EC25FF842100B6AF55 /* UserSession+CoreDataClass.swift */; };
		B7323E0F2627273E005CD6DB /* NewReleases.swift in Sources */ = {isa = PBXBuildFile; fileRef = B7323E0E2627273E005CD6DB /* NewReleases.swift */; };
		B743B244260F264200982B35 /* URLSession+Response.swift in Sources */ = {isa = PBXBuildFile; fileRef = B743B243260F264200982B35 /* URLSession+Response.swift */; };
		B743B251260F3A3900982B35 /* UIImageView+URL.swift in Sources */ = {isa = PBXBuildFile; fileRef = B743B250260F3A3900982B35 /* UIImageView+URL.swift */; };
		B74B880F2614C0BB0025BB2F /* AlbumManager.swift in Sources */ = {isa = PBXBuildFile; fileRef = B74B880E2614C0BB0025BB2F /* AlbumManager.swift */; };
		B74B88142614C0C50025BB2F /* ArtistManager.swift in Sources */ = {isa = PBXBuildFile; fileRef = B74B88132614C0C50025BB2F /* ArtistManager.swift */; };
		B75377412629741800375E41 /* HomeViewModel.swift in Sources */ = {isa = PBXBuildFile; fileRef = B75377402629741800375E41 /* HomeViewModel.swift */; };
		B7537749262978B800375E41 /* Notifications+Names.swift in Sources */ = {isa = PBXBuildFile; fileRef = B7537748262978B800375E41 /* Notifications+Names.swift */; };
		B7537752262998D300375E41 /* LibraryViewModel.swift in Sources */ = {isa = PBXBuildFile; fileRef = B7537751262998D300375E41 /* LibraryViewModel.swift */; };
		B7584E7C2610767000B494A6 /* PlaylistViewController.swift in Sources */ = {isa = PBXBuildFile; fileRef = B7584E7B2610767000B494A6 /* PlaylistViewController.swift */; };
		B7584E81261076E600B494A6 /* TrackViewCell.swift in Sources */ = {isa = PBXBuildFile; fileRef = B7584E80261076E600B494A6 /* TrackViewCell.swift */; };
		B7600A9326244628007319B0 /* TabBarController.swift in Sources */ = {isa = PBXBuildFile; fileRef = B7600A9226244628007319B0 /* TabBarController.swift */; };
		B7600A9826244A94007319B0 /* HomeViewController.swift in Sources */ = {isa = PBXBuildFile; fileRef = B7600A9726244A94007319B0 /* HomeViewController.swift */; };
		B7600AA026244EEE007319B0 /* ArtistCollectionViewCell.swift in Sources */ = {isa = PBXBuildFile; fileRef = B7600A9F26244EEE007319B0 /* ArtistCollectionViewCell.swift */; };
		B771F1B12602084E006E1AE3 /* UserProfileManagerText.swift in Sources */ = {isa = PBXBuildFile; fileRef = B771F1B02602084E006E1AE3 /* UserProfileManagerText.swift */; };
		B773F9402625E538009BF734 /* TopTracksTableView.swift in Sources */ = {isa = PBXBuildFile; fileRef = B773F93F2625E538009BF734 /* TopTracksTableView.swift */; };
		B773F94E2625E852009BF734 /* RankedTrackTableViewCell.swift in Sources */ = {isa = PBXBuildFile; fileRef = B773F94D2625E852009BF734 /* RankedTrackTableViewCell.swift */; };
		B780DF1C2605574A00F437AF /* PlaylistManager.swift in Sources */ = {isa = PBXBuildFile; fileRef = B780DF1B2605574A00F437AF /* PlaylistManager.swift */; };
		B7849CFE2608AE3C006BF971 /* Paginated.swift in Sources */ = {isa = PBXBuildFile; fileRef = B7849CFD2608AE3C006BF971 /* Paginated.swift */; };
		B7849D062608AE7B006BF971 /* Image.swift in Sources */ = {isa = PBXBuildFile; fileRef = B7849D052608AE7B006BF971 /* Image.swift */; };
		B7849D0C2608AECF006BF971 /* AccessAuthorization.swift in Sources */ = {isa = PBXBuildFile; fileRef = B7849D0B2608AECF006BF971 /* AccessAuthorization.swift */; };
		B7849D142608AF03006BF971 /* PrivateUser.swift in Sources */ = {isa = PBXBuildFile; fileRef = B7849D132608AF03006BF971 /* PrivateUser.swift */; };
		B7849D1A2608AF34006BF971 /* Followers.swift in Sources */ = {isa = PBXBuildFile; fileRef = B7849D192608AF34006BF971 /* Followers.swift */; };
		B7849D232608AFCC006BF971 /* SimplifiedPlaylist.swift in Sources */ = {isa = PBXBuildFile; fileRef = B7849D222608AFCC006BF971 /* SimplifiedPlaylist.swift */; };
		B7849D282608B0B2006BF971 /* PlaylistTrack.swift in Sources */ = {isa = PBXBuildFile; fileRef = B7849D272608B0B2006BF971 /* PlaylistTrack.swift */; };
		B7849D312608B12C006BF971 /* SimplifiedArtist.swift in Sources */ = {isa = PBXBuildFile; fileRef = B7849D302608B12C006BF971 /* SimplifiedArtist.swift */; };
		B7849D392608B1A2006BF971 /* SimplifiedAlbum.swift in Sources */ = {isa = PBXBuildFile; fileRef = B7849D382608B1A2006BF971 /* SimplifiedAlbum.swift */; };
		B7849D442608B9F0006BF971 /* SimplifiedTrack.swift in Sources */ = {isa = PBXBuildFile; fileRef = B7849D432608B9F0006BF971 /* SimplifiedTrack.swift */; };
		B78BA6E425FCCD9C00EC2E9C /* SpotifyEndpoint.swift in Sources */ = {isa = PBXBuildFile; fileRef = B78BA6E325FCCD9C00EC2E9C /* SpotifyEndpoint.swift */; };
		B790AE4D2604FC2300826B66 /* .swiftlint.yml in Resources */ = {isa = PBXBuildFile; fileRef = B790AE4C2604FC2300826B66 /* .swiftlint.yml */; };
		B799E629261B5BE300EA00CE /* ServiceError.swift in Sources */ = {isa = PBXBuildFile; fileRef = B799E628261B5BE300EA00CE /* ServiceError.swift */; };
		B799E640261B697000EA00CE /* MusixmatchService.swift in Sources */ = {isa = PBXBuildFile; fileRef = B799E63F261B697000EA00CE /* MusixmatchService.swift */; };
		B799E645261B6F2C00EA00CE /* ResponseBody.swift in Sources */ = {isa = PBXBuildFile; fileRef = B799E644261B6F2C00EA00CE /* ResponseBody.swift */; };
		B799E654261BA11400EA00CE /* LyricsViewController.swift in Sources */ = {isa = PBXBuildFile; fileRef = B799E653261BA11400EA00CE /* LyricsViewController.swift */; };
		B799E659261BAD5500EA00CE /* Lyrics.swift in Sources */ = {isa = PBXBuildFile; fileRef = B799E658261BAD5500EA00CE /* Lyrics.swift */; };
		B799E65E261BADED00EA00CE /* MusixmatchEndpoint.swift in Sources */ = {isa = PBXBuildFile; fileRef = B799E65D261BADED00EA00CE /* MusixmatchEndpoint.swift */; };
		B79E215C25FF73B000C26676 /* LaunchManager.swift in Sources */ = {isa = PBXBuildFile; fileRef = B79E215B25FF73B000C26676 /* LaunchManager.swift */; };
		B7A4FDE126000AE500CD7B0B /* CoreDataStack.swift in Sources */ = {isa = PBXBuildFile; fileRef = B7A4FDE026000AE500CD7B0B /* CoreDataStack.swift */; };
		B7A4FDE626000DDC00CD7B0B /* UserSessionManager.swift in Sources */ = {isa = PBXBuildFile; fileRef = B7A4FDE526000DDC00CD7B0B /* UserSessionManager.swift */; };
		B7A4FDEB260015C600CD7B0B /* UserProfileManager.swift in Sources */ = {isa = PBXBuildFile; fileRef = B7A4FDEA260015C600CD7B0B /* UserProfileManager.swift */; };
		B7A7CA5C2626D735008F6B13 /* FeaturedPlaylists.swift in Sources */ = {isa = PBXBuildFile; fileRef = B7A7CA5B2626D735008F6B13 /* FeaturedPlaylists.swift */; };
		B7A80741261A08B1002D15E4 /* UIViewController+Spinner.swift in Sources */ = {isa = PBXBuildFile; fileRef = B7A80740261A08B1002D15E4 /* UIViewController+Spinner.swift */; };
		B7A80749261A166D002D15E4 /* LoadingSpinnerView.swift in Sources */ = {isa = PBXBuildFile; fileRef = B7A80748261A166D002D15E4 /* LoadingSpinnerView.swift */; };
		B7CA247D2600A234009129BC /* CoreDataStackTest.swift in Sources */ = {isa = PBXBuildFile; fileRef = B7CA247C2600A234009129BC /* CoreDataStackTest.swift */; };
		B7CA24822600A32E009129BC /* UserSessionManagerTest.swift in Sources */ = {isa = PBXBuildFile; fileRef = B7CA24812600A32E009129BC /* UserSessionManagerTest.swift */; };
		B7CA77862610D09B00A0F3E4 /* PlaylistHeaderView.swift in Sources */ = {isa = PBXBuildFile; fileRef = B7CA77852610D09B00A0F3E4 /* PlaylistHeaderView.swift */; };
		B7CA77942610E29700A0F3E4 /* UIView+Separator.swift in Sources */ = {isa = PBXBuildFile; fileRef = B7CA77932610E29700A0F3E4 /* UIView+Separator.swift */; };
		B7D9500D262845A8009BA302 /* Artists.swift in Sources */ = {isa = PBXBuildFile; fileRef = B7D9500C262845A8009BA302 /* Artists.swift */; };
		B7D9F67B260DEFD600F43BF2 /* CustomButton.swift in Sources */ = {isa = PBXBuildFile; fileRef = B7D9F67A260DEFD600F43BF2 /* CustomButton.swift */; };
		B7E09A652606AA8000831787 /* TrackManager.swift in Sources */ = {isa = PBXBuildFile; fileRef = B7E09A642606AA8000831787 /* TrackManager.swift */; };
		B7EB4C37260BA0ED006D14C9 /* LaunchScreen.storyboard in Resources */ = {isa = PBXBuildFile; fileRef = B7EB4C36260BA0ED006D14C9 /* LaunchScreen.storyboard */; };
/* End PBXBuildFile section */

/* Begin PBXContainerItemProxy section */
		B722990D25FA731800CFD6A7 /* PBXContainerItemProxy */ = {
			isa = PBXContainerItemProxy;
			containerPortal = B72298EB25FA731600CFD6A7 /* Project object */;
			proxyType = 1;
			remoteGlobalIDString = B72298F225FA731600CFD6A7;
			remoteInfo = SpotifyMe;
		};
		B722991825FA731800CFD6A7 /* PBXContainerItemProxy */ = {
			isa = PBXContainerItemProxy;
			containerPortal = B72298EB25FA731600CFD6A7 /* Project object */;
			proxyType = 1;
			remoteGlobalIDString = B72298F225FA731600CFD6A7;
			remoteInfo = SpotifyMe;
		};
/* End PBXContainerItemProxy section */

/* Begin PBXFileReference section */
		458B35CE9928FC1AC50311FD /* Pods-SpotifyMeTests.debug.xcconfig */ = {isa = PBXFileReference; includeInIndex = 1; lastKnownFileType = text.xcconfig; name = "Pods-SpotifyMeTests.debug.xcconfig"; path = "Target Support Files/Pods-SpotifyMeTests/Pods-SpotifyMeTests.debug.xcconfig"; sourceTree = "<group>"; };
		4E810A7C706273DCC5ABF959 /* Pods_SpotifyMe_SpotifyMeUITests.framework */ = {isa = PBXFileReference; explicitFileType = wrapper.framework; includeInIndex = 0; path = Pods_SpotifyMe_SpotifyMeUITests.framework; sourceTree = BUILT_PRODUCTS_DIR; };
		5F98D9470C4EC7926B32CBAB /* Pods-SpotifyMe.release.xcconfig */ = {isa = PBXFileReference; includeInIndex = 1; lastKnownFileType = text.xcconfig; name = "Pods-SpotifyMe.release.xcconfig"; path = "Target Support Files/Pods-SpotifyMe/Pods-SpotifyMe.release.xcconfig"; sourceTree = "<group>"; };
		63AA44AC5506452EEAD4102E /* Pods-SpotifyMe.debug.xcconfig */ = {isa = PBXFileReference; includeInIndex = 1; lastKnownFileType = text.xcconfig; name = "Pods-SpotifyMe.debug.xcconfig"; path = "Target Support Files/Pods-SpotifyMe/Pods-SpotifyMe.debug.xcconfig"; sourceTree = "<group>"; };
		6F8A0BAA6C03C065FCDCD6DA /* Pods_SpotifyMeTests.framework */ = {isa = PBXFileReference; explicitFileType = wrapper.framework; includeInIndex = 0; path = Pods_SpotifyMeTests.framework; sourceTree = BUILT_PRODUCTS_DIR; };
		73B28BA562DBA04456F42DB2 /* Pods_SpotifyMe.framework */ = {isa = PBXFileReference; explicitFileType = wrapper.framework; includeInIndex = 0; path = Pods_SpotifyMe.framework; sourceTree = BUILT_PRODUCTS_DIR; };
		8829DE275DCC22C32F37D05A /* Pods-SpotifyMeTests.release.xcconfig */ = {isa = PBXFileReference; includeInIndex = 1; lastKnownFileType = text.xcconfig; name = "Pods-SpotifyMeTests.release.xcconfig"; path = "Target Support Files/Pods-SpotifyMeTests/Pods-SpotifyMeTests.release.xcconfig"; sourceTree = "<group>"; };
		A11A541AA175A1EDCED6D6D6 /* Pods-SpotifyMe-SpotifyMeUITests.debug.xcconfig */ = {isa = PBXFileReference; includeInIndex = 1; lastKnownFileType = text.xcconfig; name = "Pods-SpotifyMe-SpotifyMeUITests.debug.xcconfig"; path = "Target Support Files/Pods-SpotifyMe-SpotifyMeUITests/Pods-SpotifyMe-SpotifyMeUITests.debug.xcconfig"; sourceTree = "<group>"; };
		B701C800260F9C19003CDE06 /* PublicUser.swift */ = {isa = PBXFileReference; lastKnownFileType = sourcecode.swift; path = PublicUser.swift; sourceTree = "<group>"; };
		B710959326127BC60083D8DD /* DownloadManager.swift */ = {isa = PBXFileReference; lastKnownFileType = sourcecode.swift; name = DownloadManager.swift; path = SpotifyMe/Services/DownloadManager.swift; sourceTree = SOURCE_ROOT; };
		B710959826127DB40083D8DD /* SpotifyAuthorizationConfig.swift */ = {isa = PBXFileReference; lastKnownFileType = sourcecode.swift; path = SpotifyAuthorizationConfig.swift; sourceTree = "<group>"; };
		B7131F512624E4FA0052CC9C /* PopularArtistsCollectionView.swift */ = {isa = PBXFileReference; lastKnownFileType = sourcecode.swift; path = PopularArtistsCollectionView.swift; sourceTree = "<group>"; };
		B715CD42261330C500DE22BD /* SpotifyService.swift */ = {isa = PBXFileReference; lastKnownFileType = sourcecode.swift; path = SpotifyService.swift; sourceTree = "<group>"; };
		B72298F325FA731600CFD6A7 /* SpotifyMe.app */ = {isa = PBXFileReference; explicitFileType = wrapper.application; includeInIndex = 0; path = SpotifyMe.app; sourceTree = BUILT_PRODUCTS_DIR; };
		B72298F625FA731600CFD6A7 /* AppDelegate.swift */ = {isa = PBXFileReference; lastKnownFileType = sourcecode.swift; path = AppDelegate.swift; sourceTree = "<group>"; };
		B72298F825FA731600CFD6A7 /* SceneDelegate.swift */ = {isa = PBXFileReference; lastKnownFileType = sourcecode.swift; path = SceneDelegate.swift; sourceTree = "<group>"; };
		B722990025FA731600CFD6A7 /* SpotifyMe.xcdatamodel */ = {isa = PBXFileReference; lastKnownFileType = wrapper.xcdatamodel; path = SpotifyMe.xcdatamodel; sourceTree = "<group>"; };
		B722990225FA731700CFD6A7 /* Assets.xcassets */ = {isa = PBXFileReference; lastKnownFileType = folder.assetcatalog; path = Assets.xcassets; sourceTree = "<group>"; };
		B722990725FA731700CFD6A7 /* Info.plist */ = {isa = PBXFileReference; lastKnownFileType = text.plist.xml; path = Info.plist; sourceTree = "<group>"; };
		B722990C25FA731800CFD6A7 /* SpotifyMeTests.xctest */ = {isa = PBXFileReference; explicitFileType = wrapper.cfbundle; includeInIndex = 0; path = SpotifyMeTests.xctest; sourceTree = BUILT_PRODUCTS_DIR; };
		B722991025FA731800CFD6A7 /* SpotifyMeTests.swift */ = {isa = PBXFileReference; lastKnownFileType = sourcecode.swift; path = SpotifyMeTests.swift; sourceTree = "<group>"; };
		B722991225FA731800CFD6A7 /* Info.plist */ = {isa = PBXFileReference; lastKnownFileType = text.plist.xml; path = Info.plist; sourceTree = "<group>"; };
		B722991725FA731800CFD6A7 /* SpotifyMeUITests.xctest */ = {isa = PBXFileReference; explicitFileType = wrapper.cfbundle; includeInIndex = 0; path = SpotifyMeUITests.xctest; sourceTree = BUILT_PRODUCTS_DIR; };
		B722991B25FA731800CFD6A7 /* SpotifyMeUITests.swift */ = {isa = PBXFileReference; lastKnownFileType = sourcecode.swift; path = SpotifyMeUITests.swift; sourceTree = "<group>"; };
		B722991D25FA731800CFD6A7 /* Info.plist */ = {isa = PBXFileReference; lastKnownFileType = text.plist.xml; path = Info.plist; sourceTree = "<group>"; };
		B7254374262557CD0037DE31 /* FeaturedPlaylistsCollectionView.swift */ = {isa = PBXFileReference; lastKnownFileType = sourcecode.swift; path = FeaturedPlaylistsCollectionView.swift; sourceTree = "<group>"; };
		B725437926255E160037DE31 /* FeaturedPlaylistCollectionViewCell.swift */ = {isa = PBXFileReference; lastKnownFileType = sourcecode.swift; path = FeaturedPlaylistCollectionViewCell.swift; sourceTree = "<group>"; };
		B725438626256E0D0037DE31 /* NewReleasesCollectionView.swift */ = {isa = PBXFileReference; lastKnownFileType = sourcecode.swift; path = NewReleasesCollectionView.swift; sourceTree = "<group>"; };
		B725438B2625700E0037DE31 /* NewReleaseCollectionViewCell.swift */ = {isa = PBXFileReference; lastKnownFileType = sourcecode.swift; path = NewReleaseCollectionViewCell.swift; sourceTree = "<group>"; };
		B727C5B1260E7E7300F9F1FB /* LibraryViewController.swift */ = {isa = PBXFileReference; lastKnownFileType = sourcecode.swift; path = LibraryViewController.swift; sourceTree = "<group>"; };
		B727C5B7260E86D400F9F1FB /* UIView+Pin.swift */ = {isa = PBXFileReference; lastKnownFileType = sourcecode.swift; path = "UIView+Pin.swift"; sourceTree = "<group>"; };
		B727C5BC260E870400F9F1FB /* String+Image.swift */ = {isa = PBXFileReference; lastKnownFileType = sourcecode.swift; path = "String+Image.swift"; sourceTree = "<group>"; };
		B727C5C7260E892600F9F1FB /* PlaylistViewCell.swift */ = {isa = PBXFileReference; lastKnownFileType = sourcecode.swift; path = PlaylistViewCell.swift; sourceTree = "<group>"; };
		B7280BFE260CEAE2004472A6 /* WelcomeViewController.swift */ = {isa = PBXFileReference; lastKnownFileType = sourcecode.swift; path = WelcomeViewController.swift; sourceTree = "<group>"; };
		B72F73EC25FF842100B6AF55 /* UserSession+CoreDataClass.swift */ = {isa = PBXFileReference; fileEncoding = 4; lastKnownFileType = sourcecode.swift; path = "UserSession+CoreDataClass.swift"; sourceTree = "<group>"; };
		B7323E0E2627273E005CD6DB /* NewReleases.swift */ = {isa = PBXFileReference; lastKnownFileType = sourcecode.swift; path = NewReleases.swift; sourceTree = "<group>"; };
		B743B243260F264200982B35 /* URLSession+Response.swift */ = {isa = PBXFileReference; lastKnownFileType = sourcecode.swift; path = "URLSession+Response.swift"; sourceTree = "<group>"; };
		B743B250260F3A3900982B35 /* UIImageView+URL.swift */ = {isa = PBXFileReference; lastKnownFileType = sourcecode.swift; path = "UIImageView+URL.swift"; sourceTree = "<group>"; };
		B74B880E2614C0BB0025BB2F /* AlbumManager.swift */ = {isa = PBXFileReference; lastKnownFileType = sourcecode.swift; path = AlbumManager.swift; sourceTree = "<group>"; };
		B74B88132614C0C50025BB2F /* ArtistManager.swift */ = {isa = PBXFileReference; lastKnownFileType = sourcecode.swift; path = ArtistManager.swift; sourceTree = "<group>"; };
		B75377402629741800375E41 /* HomeViewModel.swift */ = {isa = PBXFileReference; lastKnownFileType = sourcecode.swift; path = HomeViewModel.swift; sourceTree = "<group>"; };
		B7537748262978B800375E41 /* Notifications+Names.swift */ = {isa = PBXFileReference; lastKnownFileType = sourcecode.swift; path = "Notifications+Names.swift"; sourceTree = "<group>"; };
		B7537751262998D300375E41 /* LibraryViewModel.swift */ = {isa = PBXFileReference; lastKnownFileType = sourcecode.swift; path = LibraryViewModel.swift; sourceTree = "<group>"; };
		B7584E7B2610767000B494A6 /* PlaylistViewController.swift */ = {isa = PBXFileReference; lastKnownFileType = sourcecode.swift; path = PlaylistViewController.swift; sourceTree = "<group>"; };
		B7584E80261076E600B494A6 /* TrackViewCell.swift */ = {isa = PBXFileReference; lastKnownFileType = sourcecode.swift; path = TrackViewCell.swift; sourceTree = "<group>"; };
		B7600A9226244628007319B0 /* TabBarController.swift */ = {isa = PBXFileReference; lastKnownFileType = sourcecode.swift; path = TabBarController.swift; sourceTree = "<group>"; };
		B7600A9726244A94007319B0 /* HomeViewController.swift */ = {isa = PBXFileReference; lastKnownFileType = sourcecode.swift; path = HomeViewController.swift; sourceTree = "<group>"; };
		B7600A9F26244EEE007319B0 /* ArtistCollectionViewCell.swift */ = {isa = PBXFileReference; lastKnownFileType = sourcecode.swift; path = ArtistCollectionViewCell.swift; sourceTree = "<group>"; };
		B771F1B02602084E006E1AE3 /* UserProfileManagerText.swift */ = {isa = PBXFileReference; lastKnownFileType = sourcecode.swift; path = UserProfileManagerText.swift; sourceTree = "<group>"; };
		B773F93F2625E538009BF734 /* TopTracksTableView.swift */ = {isa = PBXFileReference; lastKnownFileType = sourcecode.swift; path = TopTracksTableView.swift; sourceTree = "<group>"; };
		B773F94D2625E852009BF734 /* RankedTrackTableViewCell.swift */ = {isa = PBXFileReference; lastKnownFileType = sourcecode.swift; path = RankedTrackTableViewCell.swift; sourceTree = "<group>"; };
		B780DF1B2605574A00F437AF /* PlaylistManager.swift */ = {isa = PBXFileReference; lastKnownFileType = sourcecode.swift; path = PlaylistManager.swift; sourceTree = "<group>"; };
		B7849CFD2608AE3C006BF971 /* Paginated.swift */ = {isa = PBXFileReference; lastKnownFileType = sourcecode.swift; path = Paginated.swift; sourceTree = "<group>"; };
		B7849D052608AE7B006BF971 /* Image.swift */ = {isa = PBXFileReference; lastKnownFileType = sourcecode.swift; path = Image.swift; sourceTree = "<group>"; };
		B7849D0B2608AECF006BF971 /* AccessAuthorization.swift */ = {isa = PBXFileReference; lastKnownFileType = sourcecode.swift; path = AccessAuthorization.swift; sourceTree = "<group>"; };
		B7849D132608AF03006BF971 /* PrivateUser.swift */ = {isa = PBXFileReference; lastKnownFileType = sourcecode.swift; path = PrivateUser.swift; sourceTree = "<group>"; };
		B7849D192608AF34006BF971 /* Followers.swift */ = {isa = PBXFileReference; lastKnownFileType = sourcecode.swift; path = Followers.swift; sourceTree = "<group>"; };
		B7849D222608AFCC006BF971 /* SimplifiedPlaylist.swift */ = {isa = PBXFileReference; lastKnownFileType = sourcecode.swift; path = SimplifiedPlaylist.swift; sourceTree = "<group>"; };
		B7849D272608B0B2006BF971 /* PlaylistTrack.swift */ = {isa = PBXFileReference; lastKnownFileType = sourcecode.swift; path = PlaylistTrack.swift; sourceTree = "<group>"; };
		B7849D302608B12C006BF971 /* SimplifiedArtist.swift */ = {isa = PBXFileReference; lastKnownFileType = sourcecode.swift; path = SimplifiedArtist.swift; sourceTree = "<group>"; };
		B7849D382608B1A2006BF971 /* SimplifiedAlbum.swift */ = {isa = PBXFileReference; lastKnownFileType = sourcecode.swift; path = SimplifiedAlbum.swift; sourceTree = "<group>"; };
		B7849D432608B9F0006BF971 /* SimplifiedTrack.swift */ = {isa = PBXFileReference; lastKnownFileType = sourcecode.swift; path = SimplifiedTrack.swift; sourceTree = "<group>"; };
		B78BA6E325FCCD9C00EC2E9C /* SpotifyEndpoint.swift */ = {isa = PBXFileReference; lastKnownFileType = sourcecode.swift; path = SpotifyEndpoint.swift; sourceTree = "<group>"; };
		B790AE4C2604FC2300826B66 /* .swiftlint.yml */ = {isa = PBXFileReference; lastKnownFileType = text.yaml; path = .swiftlint.yml; sourceTree = "<group>"; };
		B799E628261B5BE300EA00CE /* ServiceError.swift */ = {isa = PBXFileReference; lastKnownFileType = sourcecode.swift; path = ServiceError.swift; sourceTree = "<group>"; };
		B799E63F261B697000EA00CE /* MusixmatchService.swift */ = {isa = PBXFileReference; lastKnownFileType = sourcecode.swift; path = MusixmatchService.swift; sourceTree = "<group>"; };
		B799E644261B6F2C00EA00CE /* ResponseBody.swift */ = {isa = PBXFileReference; lastKnownFileType = sourcecode.swift; path = ResponseBody.swift; sourceTree = "<group>"; };
		B799E653261BA11400EA00CE /* LyricsViewController.swift */ = {isa = PBXFileReference; lastKnownFileType = sourcecode.swift; path = LyricsViewController.swift; sourceTree = "<group>"; };
		B799E658261BAD5500EA00CE /* Lyrics.swift */ = {isa = PBXFileReference; lastKnownFileType = sourcecode.swift; path = Lyrics.swift; sourceTree = "<group>"; };
		B799E65D261BADED00EA00CE /* MusixmatchEndpoint.swift */ = {isa = PBXFileReference; lastKnownFileType = sourcecode.swift; path = MusixmatchEndpoint.swift; sourceTree = "<group>"; };
		B79E215B25FF73B000C26676 /* LaunchManager.swift */ = {isa = PBXFileReference; lastKnownFileType = sourcecode.swift; path = LaunchManager.swift; sourceTree = "<group>"; };
		B7A4FDE026000AE500CD7B0B /* CoreDataStack.swift */ = {isa = PBXFileReference; lastKnownFileType = sourcecode.swift; path = CoreDataStack.swift; sourceTree = "<group>"; };
		B7A4FDE526000DDC00CD7B0B /* UserSessionManager.swift */ = {isa = PBXFileReference; lastKnownFileType = sourcecode.swift; path = UserSessionManager.swift; sourceTree = "<group>"; };
		B7A4FDEA260015C600CD7B0B /* UserProfileManager.swift */ = {isa = PBXFileReference; lastKnownFileType = sourcecode.swift; path = UserProfileManager.swift; sourceTree = "<group>"; };
		B7A7CA5B2626D735008F6B13 /* FeaturedPlaylists.swift */ = {isa = PBXFileReference; lastKnownFileType = sourcecode.swift; path = FeaturedPlaylists.swift; sourceTree = "<group>"; };
		B7A80740261A08B1002D15E4 /* UIViewController+Spinner.swift */ = {isa = PBXFileReference; lastKnownFileType = sourcecode.swift; path = "UIViewController+Spinner.swift"; sourceTree = "<group>"; };
		B7A80748261A166D002D15E4 /* LoadingSpinnerView.swift */ = {isa = PBXFileReference; lastKnownFileType = sourcecode.swift; path = LoadingSpinnerView.swift; sourceTree = "<group>"; };
		B7CA247C2600A234009129BC /* CoreDataStackTest.swift */ = {isa = PBXFileReference; lastKnownFileType = sourcecode.swift; name = CoreDataStackTest.swift; path = SpotifyMeTests/CoreData/CoreDataStackTest.swift; sourceTree = SOURCE_ROOT; };
		B7CA24812600A32E009129BC /* UserSessionManagerTest.swift */ = {isa = PBXFileReference; lastKnownFileType = sourcecode.swift; path = UserSessionManagerTest.swift; sourceTree = "<group>"; };
		B7CA77852610D09B00A0F3E4 /* PlaylistHeaderView.swift */ = {isa = PBXFileReference; lastKnownFileType = sourcecode.swift; path = PlaylistHeaderView.swift; sourceTree = "<group>"; };
		B7CA77932610E29700A0F3E4 /* UIView+Separator.swift */ = {isa = PBXFileReference; lastKnownFileType = sourcecode.swift; path = "UIView+Separator.swift"; sourceTree = "<group>"; };
		B7D9500C262845A8009BA302 /* Artists.swift */ = {isa = PBXFileReference; lastKnownFileType = sourcecode.swift; path = Artists.swift; sourceTree = "<group>"; };
		B7D9F67A260DEFD600F43BF2 /* CustomButton.swift */ = {isa = PBXFileReference; lastKnownFileType = sourcecode.swift; path = CustomButton.swift; sourceTree = "<group>"; };
		B7E09A642606AA8000831787 /* TrackManager.swift */ = {isa = PBXFileReference; lastKnownFileType = sourcecode.swift; path = TrackManager.swift; sourceTree = "<group>"; };
		B7EB4C36260BA0ED006D14C9 /* LaunchScreen.storyboard */ = {isa = PBXFileReference; fileEncoding = 4; lastKnownFileType = file.storyboard; path = LaunchScreen.storyboard; sourceTree = "<group>"; };
		E60A2CE9EB63396D41355369 /* Pods-SpotifyMe-SpotifyMeUITests.release.xcconfig */ = {isa = PBXFileReference; includeInIndex = 1; lastKnownFileType = text.xcconfig; name = "Pods-SpotifyMe-SpotifyMeUITests.release.xcconfig"; path = "Target Support Files/Pods-SpotifyMe-SpotifyMeUITests/Pods-SpotifyMe-SpotifyMeUITests.release.xcconfig"; sourceTree = "<group>"; };
/* End PBXFileReference section */

/* Begin PBXFrameworksBuildPhase section */
		B72298F025FA731600CFD6A7 /* Frameworks */ = {
			isa = PBXFrameworksBuildPhase;
			buildActionMask = 2147483647;
			files = (
				4B86186BD96DF1B3E885A7F8 /* Pods_SpotifyMe.framework in Frameworks */,
			);
			runOnlyForDeploymentPostprocessing = 0;
		};
		B722990925FA731800CFD6A7 /* Frameworks */ = {
			isa = PBXFrameworksBuildPhase;
			buildActionMask = 2147483647;
			files = (
				04ED95A3A24C46411A445054 /* Pods_SpotifyMeTests.framework in Frameworks */,
			);
			runOnlyForDeploymentPostprocessing = 0;
		};
		B722991425FA731800CFD6A7 /* Frameworks */ = {
			isa = PBXFrameworksBuildPhase;
			buildActionMask = 2147483647;
			files = (
				6657441C961B4641F86D0A81 /* Pods_SpotifyMe_SpotifyMeUITests.framework in Frameworks */,
			);
			runOnlyForDeploymentPostprocessing = 0;
		};
/* End PBXFrameworksBuildPhase section */

/* Begin PBXGroup section */
		13D0EA66918AB947DADA3905 /* Frameworks */ = {
			isa = PBXGroup;
			children = (
				73B28BA562DBA04456F42DB2 /* Pods_SpotifyMe.framework */,
				4E810A7C706273DCC5ABF959 /* Pods_SpotifyMe_SpotifyMeUITests.framework */,
				6F8A0BAA6C03C065FCDCD6DA /* Pods_SpotifyMeTests.framework */,
			);
			name = Frameworks;
			sourceTree = "<group>";
		};
		A04C6D94DDB3F7F0A076EDF7 /* Pods */ = {
			isa = PBXGroup;
			children = (
				63AA44AC5506452EEAD4102E /* Pods-SpotifyMe.debug.xcconfig */,
				5F98D9470C4EC7926B32CBAB /* Pods-SpotifyMe.release.xcconfig */,
				A11A541AA175A1EDCED6D6D6 /* Pods-SpotifyMe-SpotifyMeUITests.debug.xcconfig */,
				E60A2CE9EB63396D41355369 /* Pods-SpotifyMe-SpotifyMeUITests.release.xcconfig */,
				458B35CE9928FC1AC50311FD /* Pods-SpotifyMeTests.debug.xcconfig */,
				8829DE275DCC22C32F37D05A /* Pods-SpotifyMeTests.release.xcconfig */,
			);
			path = Pods;
			sourceTree = "<group>";
		};
		B7131F502624E4CD0052CC9C /* Home */ = {
			isa = PBXGroup;
			children = (
				B7600A9726244A94007319B0 /* HomeViewController.swift */,
				B7131F512624E4FA0052CC9C /* PopularArtistsCollectionView.swift */,
				B7254374262557CD0037DE31 /* FeaturedPlaylistsCollectionView.swift */,
				B773F93F2625E538009BF734 /* TopTracksTableView.swift */,
				B725438626256E0D0037DE31 /* NewReleasesCollectionView.swift */,
			);
			path = Home;
			sourceTree = "<group>";
		};
		B72298EA25FA731600CFD6A7 = {
			isa = PBXGroup;
			children = (
				B790AE4C2604FC2300826B66 /* .swiftlint.yml */,
				B72298F525FA731600CFD6A7 /* SpotifyMe */,
				B722990F25FA731800CFD6A7 /* SpotifyMeTests */,
				B722991A25FA731800CFD6A7 /* SpotifyMeUITests */,
				B72298F425FA731600CFD6A7 /* Products */,
				A04C6D94DDB3F7F0A076EDF7 /* Pods */,
				13D0EA66918AB947DADA3905 /* Frameworks */,
			);
			sourceTree = "<group>";
		};
		B72298F425FA731600CFD6A7 /* Products */ = {
			isa = PBXGroup;
			children = (
				B72298F325FA731600CFD6A7 /* SpotifyMe.app */,
				B722990C25FA731800CFD6A7 /* SpotifyMeTests.xctest */,
				B722991725FA731800CFD6A7 /* SpotifyMeUITests.xctest */,
			);
			name = Products;
			sourceTree = "<group>";
		};
		B72298F525FA731600CFD6A7 /* SpotifyMe */ = {
			isa = PBXGroup;
			children = (
				B727C5B6260E86B800F9F1FB /* Extensions-Utilities */,
				B7A4FDDF26000AB500CD7B0B /* CoreData */,
				B7B65E9925FA7F1B00993ED7 /* Services */,
				B722992E25FA763100CFD6A7 /* Models */,
				B753773F2629740200375E41 /* ViewModels */,
				B722992D25FA761F00CFD6A7 /* ViewControllers */,
				B722992C25FA760F00CFD6A7 /* Views */,
				B72298F625FA731600CFD6A7 /* AppDelegate.swift */,
				B72298F825FA731600CFD6A7 /* SceneDelegate.swift */,
				B722990225FA731700CFD6A7 /* Assets.xcassets */,
				B7EB4C36260BA0ED006D14C9 /* LaunchScreen.storyboard */,
				B722990725FA731700CFD6A7 /* Info.plist */,
			);
			path = SpotifyMe;
			sourceTree = "<group>";
		};
		B722990F25FA731800CFD6A7 /* SpotifyMeTests */ = {
			isa = PBXGroup;
			children = (
				B7F6049B2600A6F300D17BF9 /* CoreData */,
				B722991025FA731800CFD6A7 /* SpotifyMeTests.swift */,
				B722991225FA731800CFD6A7 /* Info.plist */,
			);
			path = SpotifyMeTests;
			sourceTree = "<group>";
		};
		B722991A25FA731800CFD6A7 /* SpotifyMeUITests */ = {
			isa = PBXGroup;
			children = (
				B722991B25FA731800CFD6A7 /* SpotifyMeUITests.swift */,
				B722991D25FA731800CFD6A7 /* Info.plist */,
			);
			path = SpotifyMeUITests;
			sourceTree = "<group>";
		};
		B722992C25FA760F00CFD6A7 /* Views */ = {
			isa = PBXGroup;
			children = (
				B7600A9F26244EEE007319B0 /* ArtistCollectionViewCell.swift */,
				B725437926255E160037DE31 /* FeaturedPlaylistCollectionViewCell.swift */,
				B725438B2625700E0037DE31 /* NewReleaseCollectionViewCell.swift */,
				B773F94D2625E852009BF734 /* RankedTrackTableViewCell.swift */,
				B7D9F67A260DEFD600F43BF2 /* CustomButton.swift */,
				B727C5C7260E892600F9F1FB /* PlaylistViewCell.swift */,
				B7584E80261076E600B494A6 /* TrackViewCell.swift */,
				B7CA77852610D09B00A0F3E4 /* PlaylistHeaderView.swift */,
				B7A80748261A166D002D15E4 /* LoadingSpinnerView.swift */,
			);
			path = Views;
			sourceTree = "<group>";
		};
		B722992D25FA761F00CFD6A7 /* ViewControllers */ = {
			isa = PBXGroup;
			children = (
				B7600A9226244628007319B0 /* TabBarController.swift */,
				B7280BFE260CEAE2004472A6 /* WelcomeViewController.swift */,
				B7131F502624E4CD0052CC9C /* Home */,
				B753774D2629988000375E41 /* Library */,
				B799E653261BA11400EA00CE /* LyricsViewController.swift */,
			);
			path = ViewControllers;
			sourceTree = "<group>";
		};
		B722992E25FA763100CFD6A7 /* Models */ = {
			isa = PBXGroup;
			children = (
				B72F73EC25FF842100B6AF55 /* UserSession+CoreDataClass.swift */,
			);
			path = Models;
			sourceTree = "<group>";
		};
		B727C5B6260E86B800F9F1FB /* Extensions-Utilities */ = {
			isa = PBXGroup;
			children = (
				B727C5B7260E86D400F9F1FB /* UIView+Pin.swift */,
				B7CA77932610E29700A0F3E4 /* UIView+Separator.swift */,
				B727C5BC260E870400F9F1FB /* String+Image.swift */,
				B743B243260F264200982B35 /* URLSession+Response.swift */,
				B743B250260F3A3900982B35 /* UIImageView+URL.swift */,
				B7A80740261A08B1002D15E4 /* UIViewController+Spinner.swift */,
				B7537748262978B800375E41 /* Notifications+Names.swift */,
			);
			path = "Extensions-Utilities";
			sourceTree = "<group>";
		};
		B753773F2629740200375E41 /* ViewModels */ = {
			isa = PBXGroup;
			children = (
				B75377402629741800375E41 /* HomeViewModel.swift */,
				B7537751262998D300375E41 /* LibraryViewModel.swift */,
			);
			path = ViewModels;
			sourceTree = "<group>";
		};
		B753774D2629988000375E41 /* Library */ = {
			isa = PBXGroup;
			children = (
				B727C5B1260E7E7300F9F1FB /* LibraryViewController.swift */,
				B7584E7B2610767000B494A6 /* PlaylistViewController.swift */,
			);
			path = Library;
			sourceTree = "<group>";
		};
		B7849CFA2608AE09006BF971 /* Spotify */ = {
			isa = PBXGroup;
			children = (
				B7849CFB2608AE14006BF971 /* struct */,
				B78BA6E325FCCD9C00EC2E9C /* SpotifyEndpoint.swift */,
				B715CD42261330C500DE22BD /* SpotifyService.swift */,
				B710959826127DB40083D8DD /* SpotifyAuthorizationConfig.swift */,
			);
			path = Spotify;
			sourceTree = "<group>";
		};
		B7849CFB2608AE14006BF971 /* struct */ = {
			isa = PBXGroup;
			children = (
				B7849D212608AFA7006BF971 /* library */,
				B7849D0A2608AEBC006BF971 /* user */,
				B7849CFC2608AE23006BF971 /* utils */,
			);
			path = struct;
			sourceTree = "<group>";
		};
		B7849CFC2608AE23006BF971 /* utils */ = {
			isa = PBXGroup;
			children = (
				B7849CFD2608AE3C006BF971 /* Paginated.swift */,
				B7849D052608AE7B006BF971 /* Image.swift */,
				B7A7CA5B2626D735008F6B13 /* FeaturedPlaylists.swift */,
				B7323E0E2627273E005CD6DB /* NewReleases.swift */,
				B7D9500C262845A8009BA302 /* Artists.swift */,
			);
			path = utils;
			sourceTree = "<group>";
		};
		B7849D0A2608AEBC006BF971 /* user */ = {
			isa = PBXGroup;
			children = (
				B7849D0B2608AECF006BF971 /* AccessAuthorization.swift */,
				B7849D132608AF03006BF971 /* PrivateUser.swift */,
				B701C800260F9C19003CDE06 /* PublicUser.swift */,
				B7849D192608AF34006BF971 /* Followers.swift */,
			);
			path = user;
			sourceTree = "<group>";
		};
		B7849D212608AFA7006BF971 /* library */ = {
			isa = PBXGroup;
			children = (
				B7849D222608AFCC006BF971 /* SimplifiedPlaylist.swift */,
				B7849D272608B0B2006BF971 /* PlaylistTrack.swift */,
				B7849D432608B9F0006BF971 /* SimplifiedTrack.swift */,
				B7849D302608B12C006BF971 /* SimplifiedArtist.swift */,
				B7849D382608B1A2006BF971 /* SimplifiedAlbum.swift */,
			);
			path = library;
			sourceTree = "<group>";
		};
		B799E62D261B645600EA00CE /* Musixmatch */ = {
			isa = PBXGroup;
			children = (
				B799E631261B67C600EA00CE /* struct */,
				B799E63F261B697000EA00CE /* MusixmatchService.swift */,
				B799E65D261BADED00EA00CE /* MusixmatchEndpoint.swift */,
			);
			path = Musixmatch;
			sourceTree = "<group>";
		};
		B799E631261B67C600EA00CE /* struct */ = {
			isa = PBXGroup;
			children = (
				B799E658261BAD5500EA00CE /* Lyrics.swift */,
				B799E644261B6F2C00EA00CE /* ResponseBody.swift */,
			);
			path = struct;
			sourceTree = "<group>";
		};
		B7A4FDDF26000AB500CD7B0B /* CoreData */ = {
			isa = PBXGroup;
			children = (
				B7A4FDE026000AE500CD7B0B /* CoreDataStack.swift */,
				B7A4FDE526000DDC00CD7B0B /* UserSessionManager.swift */,
				B7A4FDEA260015C600CD7B0B /* UserProfileManager.swift */,
				B780DF1B2605574A00F437AF /* PlaylistManager.swift */,
				B7E09A642606AA8000831787 /* TrackManager.swift */,
				B74B880E2614C0BB0025BB2F /* AlbumManager.swift */,
				B74B88132614C0C50025BB2F /* ArtistManager.swift */,
				B72298FF25FA731600CFD6A7 /* SpotifyMe.xcdatamodeld */,
			);
			path = CoreData;
			sourceTree = "<group>";
		};
		B7B65E9925FA7F1B00993ED7 /* Services */ = {
			isa = PBXGroup;
			children = (
				B799E62D261B645600EA00CE /* Musixmatch */,
				B7849CFA2608AE09006BF971 /* Spotify */,
				B79E215B25FF73B000C26676 /* LaunchManager.swift */,
				B710959326127BC60083D8DD /* DownloadManager.swift */,
				B799E628261B5BE300EA00CE /* ServiceError.swift */,
			);
			path = Services;
			sourceTree = "<group>";
		};
		B7F6049B2600A6F300D17BF9 /* CoreData */ = {
			isa = PBXGroup;
			children = (
				B7CA247C2600A234009129BC /* CoreDataStackTest.swift */,
				B7CA24812600A32E009129BC /* UserSessionManagerTest.swift */,
				B771F1B02602084E006E1AE3 /* UserProfileManagerText.swift */,
			);
			path = CoreData;
			sourceTree = "<group>";
		};
/* End PBXGroup section */

/* Begin PBXNativeTarget section */
		B72298F225FA731600CFD6A7 /* SpotifyMe */ = {
			isa = PBXNativeTarget;
			buildConfigurationList = B722992025FA731800CFD6A7 /* Build configuration list for PBXNativeTarget "SpotifyMe" */;
			buildPhases = (
				397B6CB6B24D7FB2F900A340 /* [CP] Check Pods Manifest.lock */,
				B72298EF25FA731600CFD6A7 /* Sources */,
				B72298F025FA731600CFD6A7 /* Frameworks */,
				B72298F125FA731600CFD6A7 /* Resources */,
				B75F99CE2601F93300D31005 /* ShellScript */,
			);
			buildRules = (
			);
			dependencies = (
			);
			name = SpotifyMe;
			productName = SpotifyMe;
			productReference = B72298F325FA731600CFD6A7 /* SpotifyMe.app */;
			productType = "com.apple.product-type.application";
		};
		B722990B25FA731800CFD6A7 /* SpotifyMeTests */ = {
			isa = PBXNativeTarget;
			buildConfigurationList = B722992325FA731800CFD6A7 /* Build configuration list for PBXNativeTarget "SpotifyMeTests" */;
			buildPhases = (
				F9BF8A698238C3234A179126 /* [CP] Check Pods Manifest.lock */,
				B722990825FA731800CFD6A7 /* Sources */,
				B722990925FA731800CFD6A7 /* Frameworks */,
				B722990A25FA731800CFD6A7 /* Resources */,
			);
			buildRules = (
			);
			dependencies = (
				B722990E25FA731800CFD6A7 /* PBXTargetDependency */,
			);
			name = SpotifyMeTests;
			productName = SpotifyMeTests;
			productReference = B722990C25FA731800CFD6A7 /* SpotifyMeTests.xctest */;
			productType = "com.apple.product-type.bundle.unit-test";
		};
		B722991625FA731800CFD6A7 /* SpotifyMeUITests */ = {
			isa = PBXNativeTarget;
			buildConfigurationList = B722992625FA731800CFD6A7 /* Build configuration list for PBXNativeTarget "SpotifyMeUITests" */;
			buildPhases = (
				9FAEF33359503CDCDB390004 /* [CP] Check Pods Manifest.lock */,
				B722991325FA731800CFD6A7 /* Sources */,
				B722991425FA731800CFD6A7 /* Frameworks */,
				B722991525FA731800CFD6A7 /* Resources */,
			);
			buildRules = (
			);
			dependencies = (
				B722991925FA731800CFD6A7 /* PBXTargetDependency */,
			);
			name = SpotifyMeUITests;
			productName = SpotifyMeUITests;
			productReference = B722991725FA731800CFD6A7 /* SpotifyMeUITests.xctest */;
			productType = "com.apple.product-type.bundle.ui-testing";
		};
/* End PBXNativeTarget section */

/* Begin PBXProject section */
		B72298EB25FA731600CFD6A7 /* Project object */ = {
			isa = PBXProject;
			attributes = {
				LastSwiftUpdateCheck = 1240;
				LastUpgradeCheck = 1240;
				TargetAttributes = {
					B72298F225FA731600CFD6A7 = {
						CreatedOnToolsVersion = 12.4;
					};
					B722990B25FA731800CFD6A7 = {
						CreatedOnToolsVersion = 12.4;
						TestTargetID = B72298F225FA731600CFD6A7;
					};
					B722991625FA731800CFD6A7 = {
						CreatedOnToolsVersion = 12.4;
						TestTargetID = B72298F225FA731600CFD6A7;
					};
				};
			};
			buildConfigurationList = B72298EE25FA731600CFD6A7 /* Build configuration list for PBXProject "SpotifyMe" */;
			compatibilityVersion = "Xcode 9.3";
			developmentRegion = en;
			hasScannedForEncodings = 0;
			knownRegions = (
				en,
				Base,
			);
			mainGroup = B72298EA25FA731600CFD6A7;
			productRefGroup = B72298F425FA731600CFD6A7 /* Products */;
			projectDirPath = "";
			projectRoot = "";
			targets = (
				B72298F225FA731600CFD6A7 /* SpotifyMe */,
				B722990B25FA731800CFD6A7 /* SpotifyMeTests */,
				B722991625FA731800CFD6A7 /* SpotifyMeUITests */,
			);
		};
/* End PBXProject section */

/* Begin PBXResourcesBuildPhase section */
		B72298F125FA731600CFD6A7 /* Resources */ = {
			isa = PBXResourcesBuildPhase;
			buildActionMask = 2147483647;
			files = (
				B7EB4C37260BA0ED006D14C9 /* LaunchScreen.storyboard in Resources */,
				B790AE4D2604FC2300826B66 /* .swiftlint.yml in Resources */,
				B722990325FA731700CFD6A7 /* Assets.xcassets in Resources */,
			);
			runOnlyForDeploymentPostprocessing = 0;
		};
		B722990A25FA731800CFD6A7 /* Resources */ = {
			isa = PBXResourcesBuildPhase;
			buildActionMask = 2147483647;
			files = (
			);
			runOnlyForDeploymentPostprocessing = 0;
		};
		B722991525FA731800CFD6A7 /* Resources */ = {
			isa = PBXResourcesBuildPhase;
			buildActionMask = 2147483647;
			files = (
			);
			runOnlyForDeploymentPostprocessing = 0;
		};
/* End PBXResourcesBuildPhase section */

/* Begin PBXShellScriptBuildPhase section */
		397B6CB6B24D7FB2F900A340 /* [CP] Check Pods Manifest.lock */ = {
			isa = PBXShellScriptBuildPhase;
			buildActionMask = 2147483647;
			files = (
			);
			inputFileListPaths = (
			);
			inputPaths = (
				"${PODS_PODFILE_DIR_PATH}/Podfile.lock",
				"${PODS_ROOT}/Manifest.lock",
			);
			name = "[CP] Check Pods Manifest.lock";
			outputFileListPaths = (
			);
			outputPaths = (
				"$(DERIVED_FILE_DIR)/Pods-SpotifyMe-checkManifestLockResult.txt",
			);
			runOnlyForDeploymentPostprocessing = 0;
			shellPath = /bin/sh;
			shellScript = "diff \"${PODS_PODFILE_DIR_PATH}/Podfile.lock\" \"${PODS_ROOT}/Manifest.lock\" > /dev/null\nif [ $? != 0 ] ; then\n    # print error to STDERR\n    echo \"error: The sandbox is not in sync with the Podfile.lock. Run 'pod install' or update your CocoaPods installation.\" >&2\n    exit 1\nfi\n# This output is used by Xcode 'outputs' to avoid re-running this script phase.\necho \"SUCCESS\" > \"${SCRIPT_OUTPUT_FILE_0}\"\n";
			showEnvVarsInLog = 0;
		};
		9FAEF33359503CDCDB390004 /* [CP] Check Pods Manifest.lock */ = {
			isa = PBXShellScriptBuildPhase;
			buildActionMask = 2147483647;
			files = (
			);
			inputFileListPaths = (
			);
			inputPaths = (
				"${PODS_PODFILE_DIR_PATH}/Podfile.lock",
				"${PODS_ROOT}/Manifest.lock",
			);
			name = "[CP] Check Pods Manifest.lock";
			outputFileListPaths = (
			);
			outputPaths = (
				"$(DERIVED_FILE_DIR)/Pods-SpotifyMe-SpotifyMeUITests-checkManifestLockResult.txt",
			);
			runOnlyForDeploymentPostprocessing = 0;
			shellPath = /bin/sh;
			shellScript = "diff \"${PODS_PODFILE_DIR_PATH}/Podfile.lock\" \"${PODS_ROOT}/Manifest.lock\" > /dev/null\nif [ $? != 0 ] ; then\n    # print error to STDERR\n    echo \"error: The sandbox is not in sync with the Podfile.lock. Run 'pod install' or update your CocoaPods installation.\" >&2\n    exit 1\nfi\n# This output is used by Xcode 'outputs' to avoid re-running this script phase.\necho \"SUCCESS\" > \"${SCRIPT_OUTPUT_FILE_0}\"\n";
			showEnvVarsInLog = 0;
		};
		B75F99CE2601F93300D31005 /* ShellScript */ = {
			isa = PBXShellScriptBuildPhase;
			buildActionMask = 2147483647;
			files = (
			);
			inputFileListPaths = (
			);
			inputPaths = (
			);
			outputFileListPaths = (
			);
			outputPaths = (
			);
			runOnlyForDeploymentPostprocessing = 0;
			shellPath = /bin/sh;
			shellScript = "\"${PODS_ROOT}/SwiftLint/swiftlint\"\n";
		};
		F9BF8A698238C3234A179126 /* [CP] Check Pods Manifest.lock */ = {
			isa = PBXShellScriptBuildPhase;
			buildActionMask = 2147483647;
			files = (
			);
			inputFileListPaths = (
			);
			inputPaths = (
				"${PODS_PODFILE_DIR_PATH}/Podfile.lock",
				"${PODS_ROOT}/Manifest.lock",
			);
			name = "[CP] Check Pods Manifest.lock";
			outputFileListPaths = (
			);
			outputPaths = (
				"$(DERIVED_FILE_DIR)/Pods-SpotifyMeTests-checkManifestLockResult.txt",
			);
			runOnlyForDeploymentPostprocessing = 0;
			shellPath = /bin/sh;
			shellScript = "diff \"${PODS_PODFILE_DIR_PATH}/Podfile.lock\" \"${PODS_ROOT}/Manifest.lock\" > /dev/null\nif [ $? != 0 ] ; then\n    # print error to STDERR\n    echo \"error: The sandbox is not in sync with the Podfile.lock. Run 'pod install' or update your CocoaPods installation.\" >&2\n    exit 1\nfi\n# This output is used by Xcode 'outputs' to avoid re-running this script phase.\necho \"SUCCESS\" > \"${SCRIPT_OUTPUT_FILE_0}\"\n";
			showEnvVarsInLog = 0;
		};
/* End PBXShellScriptBuildPhase section */

/* Begin PBXSourcesBuildPhase section */
		B72298EF25FA731600CFD6A7 /* Sources */ = {
			isa = PBXSourcesBuildPhase;
			buildActionMask = 2147483647;
			files = (
				B7849D142608AF03006BF971 /* PrivateUser.swift in Sources */,
				B7849D282608B0B2006BF971 /* PlaylistTrack.swift in Sources */,
				B7D9500D262845A8009BA302 /* Artists.swift in Sources */,
				B7CA77862610D09B00A0F3E4 /* PlaylistHeaderView.swift in Sources */,
				B72298F725FA731600CFD6A7 /* AppDelegate.swift in Sources */,
				B7849D312608B12C006BF971 /* SimplifiedArtist.swift in Sources */,
				B7CA77942610E29700A0F3E4 /* UIView+Separator.swift in Sources */,
				B7537752262998D300375E41 /* LibraryViewModel.swift in Sources */,
				B710959426127BC60083D8DD /* DownloadManager.swift in Sources */,
				B7849D442608B9F0006BF971 /* SimplifiedTrack.swift in Sources */,
				B727C5B8260E86D400F9F1FB /* UIView+Pin.swift in Sources */,
				B79E215C25FF73B000C26676 /* LaunchManager.swift in Sources */,
				B7584E7C2610767000B494A6 /* PlaylistViewController.swift in Sources */,
				B701C801260F9C19003CDE06 /* PublicUser.swift in Sources */,
				B773F94E2625E852009BF734 /* RankedTrackTableViewCell.swift in Sources */,
				B799E629261B5BE300EA00CE /* ServiceError.swift in Sources */,
				B7584E81261076E600B494A6 /* TrackViewCell.swift in Sources */,
				B799E659261BAD5500EA00CE /* Lyrics.swift in Sources */,
				B727C5C8260E892600F9F1FB /* PlaylistViewCell.swift in Sources */,
				B725437A26255E160037DE31 /* FeaturedPlaylistCollectionViewCell.swift in Sources */,
				B7A80741261A08B1002D15E4 /* UIViewController+Spinner.swift in Sources */,
				B722990125FA731600CFD6A7 /* SpotifyMe.xcdatamodeld in Sources */,
				B7280BFF260CEAE2004472A6 /* WelcomeViewController.swift in Sources */,
				B7849D062608AE7B006BF971 /* Image.swift in Sources */,
				B725438726256E0D0037DE31 /* NewReleasesCollectionView.swift in Sources */,
				B7849CFE2608AE3C006BF971 /* Paginated.swift in Sources */,
				B773F9402625E538009BF734 /* TopTracksTableView.swift in Sources */,
				B7254375262557CD0037DE31 /* FeaturedPlaylistsCollectionView.swift in Sources */,
				B7537749262978B800375E41 /* Notifications+Names.swift in Sources */,
				B7A4FDE126000AE500CD7B0B /* CoreDataStack.swift in Sources */,
				B710959926127DB50083D8DD /* SpotifyAuthorizationConfig.swift in Sources */,
				B72F73ED25FF842100B6AF55 /* UserSession+CoreDataClass.swift in Sources */,
				B780DF1C2605574A00F437AF /* PlaylistManager.swift in Sources */,
				B7600A9826244A94007319B0 /* HomeViewController.swift in Sources */,
				B7600AA026244EEE007319B0 /* ArtistCollectionViewCell.swift in Sources */,
				B799E640261B697000EA00CE /* MusixmatchService.swift in Sources */,
				B7849D0C2608AECF006BF971 /* AccessAuthorization.swift in Sources */,
				B715CD43261330C500DE22BD /* SpotifyService.swift in Sources */,
				B7A80749261A166D002D15E4 /* LoadingSpinnerView.swift in Sources */,
				B7A4FDE626000DDC00CD7B0B /* UserSessionManager.swift in Sources */,
				B7D9F67B260DEFD600F43BF2 /* CustomButton.swift in Sources */,
				B743B251260F3A3900982B35 /* UIImageView+URL.swift in Sources */,
				B72298F925FA731600CFD6A7 /* SceneDelegate.swift in Sources */,
				B7323E0F2627273E005CD6DB /* NewReleases.swift in Sources */,
				B799E645261B6F2C00EA00CE /* ResponseBody.swift in Sources */,
				B7849D232608AFCC006BF971 /* SimplifiedPlaylist.swift in Sources */,
				B7849D1A2608AF34006BF971 /* Followers.swift in Sources */,
				B727C5BD260E870400F9F1FB /* String+Image.swift in Sources */,
				B74B88142614C0C50025BB2F /* ArtistManager.swift in Sources */,
				B799E65E261BADED00EA00CE /* MusixmatchEndpoint.swift in Sources */,
				B7E09A652606AA8000831787 /* TrackManager.swift in Sources */,
				B727C5B2260E7E7300F9F1FB /* LibraryViewController.swift in Sources */,
				B799E654261BA11400EA00CE /* LyricsViewController.swift in Sources */,
				B7131F522624E4FA0052CC9C /* PopularArtistsCollectionView.swift in Sources */,
				B7A7CA5C2626D735008F6B13 /* FeaturedPlaylists.swift in Sources */,
				B7A4FDEB260015C600CD7B0B /* UserProfileManager.swift in Sources */,
				B78BA6E425FCCD9C00EC2E9C /* SpotifyEndpoint.swift in Sources */,
				B74B880F2614C0BB0025BB2F /* AlbumManager.swift in Sources */,
				B75377412629741800375E41 /* HomeViewModel.swift in Sources */,
				B7600A9326244628007319B0 /* TabBarController.swift in Sources */,
				B743B244260F264200982B35 /* URLSession+Response.swift in Sources */,
				B7849D392608B1A2006BF971 /* SimplifiedAlbum.swift in Sources */,
				B725438C2625700E0037DE31 /* NewReleaseCollectionViewCell.swift in Sources */,
			);
			runOnlyForDeploymentPostprocessing = 0;
		};
		B722990825FA731800CFD6A7 /* Sources */ = {
			isa = PBXSourcesBuildPhase;
			buildActionMask = 2147483647;
			files = (
				B7CA24822600A32E009129BC /* UserSessionManagerTest.swift in Sources */,
				B771F1B12602084E006E1AE3 /* UserProfileManagerText.swift in Sources */,
				B722991125FA731800CFD6A7 /* SpotifyMeTests.swift in Sources */,
				B7CA247D2600A234009129BC /* CoreDataStackTest.swift in Sources */,
			);
			runOnlyForDeploymentPostprocessing = 0;
		};
		B722991325FA731800CFD6A7 /* Sources */ = {
			isa = PBXSourcesBuildPhase;
			buildActionMask = 2147483647;
			files = (
				B722991C25FA731800CFD6A7 /* SpotifyMeUITests.swift in Sources */,
			);
			runOnlyForDeploymentPostprocessing = 0;
		};
/* End PBXSourcesBuildPhase section */

/* Begin PBXTargetDependency section */
		B722990E25FA731800CFD6A7 /* PBXTargetDependency */ = {
			isa = PBXTargetDependency;
			target = B72298F225FA731600CFD6A7 /* SpotifyMe */;
			targetProxy = B722990D25FA731800CFD6A7 /* PBXContainerItemProxy */;
		};
		B722991925FA731800CFD6A7 /* PBXTargetDependency */ = {
			isa = PBXTargetDependency;
			target = B72298F225FA731600CFD6A7 /* SpotifyMe */;
			targetProxy = B722991825FA731800CFD6A7 /* PBXContainerItemProxy */;
		};
/* End PBXTargetDependency section */

/* Begin XCBuildConfiguration section */
		B722991E25FA731800CFD6A7 /* Debug */ = {
			isa = XCBuildConfiguration;
			buildSettings = {
				ALWAYS_SEARCH_USER_PATHS = NO;
				CLANG_ANALYZER_NONNULL = YES;
				CLANG_ANALYZER_NUMBER_OBJECT_CONVERSION = YES_AGGRESSIVE;
				CLANG_CXX_LANGUAGE_STANDARD = "gnu++14";
				CLANG_CXX_LIBRARY = "libc++";
				CLANG_ENABLE_MODULES = YES;
				CLANG_ENABLE_OBJC_ARC = YES;
				CLANG_ENABLE_OBJC_WEAK = YES;
				CLANG_WARN_BLOCK_CAPTURE_AUTORELEASING = YES;
				CLANG_WARN_BOOL_CONVERSION = YES;
				CLANG_WARN_COMMA = YES;
				CLANG_WARN_CONSTANT_CONVERSION = YES;
				CLANG_WARN_DEPRECATED_OBJC_IMPLEMENTATIONS = YES;
				CLANG_WARN_DIRECT_OBJC_ISA_USAGE = YES_ERROR;
				CLANG_WARN_DOCUMENTATION_COMMENTS = YES;
				CLANG_WARN_EMPTY_BODY = YES;
				CLANG_WARN_ENUM_CONVERSION = YES;
				CLANG_WARN_INFINITE_RECURSION = YES;
				CLANG_WARN_INT_CONVERSION = YES;
				CLANG_WARN_NON_LITERAL_NULL_CONVERSION = YES;
				CLANG_WARN_OBJC_IMPLICIT_RETAIN_SELF = YES;
				CLANG_WARN_OBJC_LITERAL_CONVERSION = YES;
				CLANG_WARN_OBJC_ROOT_CLASS = YES_ERROR;
				CLANG_WARN_QUOTED_INCLUDE_IN_FRAMEWORK_HEADER = YES;
				CLANG_WARN_RANGE_LOOP_ANALYSIS = YES;
				CLANG_WARN_STRICT_PROTOTYPES = YES;
				CLANG_WARN_SUSPICIOUS_MOVE = YES;
				CLANG_WARN_UNGUARDED_AVAILABILITY = YES_AGGRESSIVE;
				CLANG_WARN_UNREACHABLE_CODE = YES;
				CLANG_WARN__DUPLICATE_METHOD_MATCH = YES;
				COPY_PHASE_STRIP = NO;
				DEBUG_INFORMATION_FORMAT = dwarf;
				ENABLE_STRICT_OBJC_MSGSEND = YES;
				ENABLE_TESTABILITY = YES;
				GCC_C_LANGUAGE_STANDARD = gnu11;
				GCC_DYNAMIC_NO_PIC = NO;
				GCC_NO_COMMON_BLOCKS = YES;
				GCC_OPTIMIZATION_LEVEL = 0;
				GCC_PREPROCESSOR_DEFINITIONS = (
					"DEBUG=1",
					"$(inherited)",
				);
				GCC_WARN_64_TO_32_BIT_CONVERSION = YES;
				GCC_WARN_ABOUT_RETURN_TYPE = YES_ERROR;
				GCC_WARN_UNDECLARED_SELECTOR = YES;
				GCC_WARN_UNINITIALIZED_AUTOS = YES_AGGRESSIVE;
				GCC_WARN_UNUSED_FUNCTION = YES;
				GCC_WARN_UNUSED_VARIABLE = YES;
				IPHONEOS_DEPLOYMENT_TARGET = 14.4;
				MTL_ENABLE_DEBUG_INFO = INCLUDE_SOURCE;
				MTL_FAST_MATH = YES;
				ONLY_ACTIVE_ARCH = YES;
				SDKROOT = iphoneos;
				SWIFT_ACTIVE_COMPILATION_CONDITIONS = DEBUG;
				SWIFT_OPTIMIZATION_LEVEL = "-Onone";
			};
			name = Debug;
		};
		B722991F25FA731800CFD6A7 /* Release */ = {
			isa = XCBuildConfiguration;
			buildSettings = {
				ALWAYS_SEARCH_USER_PATHS = NO;
				CLANG_ANALYZER_NONNULL = YES;
				CLANG_ANALYZER_NUMBER_OBJECT_CONVERSION = YES_AGGRESSIVE;
				CLANG_CXX_LANGUAGE_STANDARD = "gnu++14";
				CLANG_CXX_LIBRARY = "libc++";
				CLANG_ENABLE_MODULES = YES;
				CLANG_ENABLE_OBJC_ARC = YES;
				CLANG_ENABLE_OBJC_WEAK = YES;
				CLANG_WARN_BLOCK_CAPTURE_AUTORELEASING = YES;
				CLANG_WARN_BOOL_CONVERSION = YES;
				CLANG_WARN_COMMA = YES;
				CLANG_WARN_CONSTANT_CONVERSION = YES;
				CLANG_WARN_DEPRECATED_OBJC_IMPLEMENTATIONS = YES;
				CLANG_WARN_DIRECT_OBJC_ISA_USAGE = YES_ERROR;
				CLANG_WARN_DOCUMENTATION_COMMENTS = YES;
				CLANG_WARN_EMPTY_BODY = YES;
				CLANG_WARN_ENUM_CONVERSION = YES;
				CLANG_WARN_INFINITE_RECURSION = YES;
				CLANG_WARN_INT_CONVERSION = YES;
				CLANG_WARN_NON_LITERAL_NULL_CONVERSION = YES;
				CLANG_WARN_OBJC_IMPLICIT_RETAIN_SELF = YES;
				CLANG_WARN_OBJC_LITERAL_CONVERSION = YES;
				CLANG_WARN_OBJC_ROOT_CLASS = YES_ERROR;
				CLANG_WARN_QUOTED_INCLUDE_IN_FRAMEWORK_HEADER = YES;
				CLANG_WARN_RANGE_LOOP_ANALYSIS = YES;
				CLANG_WARN_STRICT_PROTOTYPES = YES;
				CLANG_WARN_SUSPICIOUS_MOVE = YES;
				CLANG_WARN_UNGUARDED_AVAILABILITY = YES_AGGRESSIVE;
				CLANG_WARN_UNREACHABLE_CODE = YES;
				CLANG_WARN__DUPLICATE_METHOD_MATCH = YES;
				COPY_PHASE_STRIP = NO;
				DEBUG_INFORMATION_FORMAT = "dwarf-with-dsym";
				ENABLE_NS_ASSERTIONS = NO;
				ENABLE_STRICT_OBJC_MSGSEND = YES;
				GCC_C_LANGUAGE_STANDARD = gnu11;
				GCC_NO_COMMON_BLOCKS = YES;
				GCC_WARN_64_TO_32_BIT_CONVERSION = YES;
				GCC_WARN_ABOUT_RETURN_TYPE = YES_ERROR;
				GCC_WARN_UNDECLARED_SELECTOR = YES;
				GCC_WARN_UNINITIALIZED_AUTOS = YES_AGGRESSIVE;
				GCC_WARN_UNUSED_FUNCTION = YES;
				GCC_WARN_UNUSED_VARIABLE = YES;
				IPHONEOS_DEPLOYMENT_TARGET = 14.4;
				MTL_ENABLE_DEBUG_INFO = NO;
				MTL_FAST_MATH = YES;
				SDKROOT = iphoneos;
				SWIFT_COMPILATION_MODE = wholemodule;
				SWIFT_OPTIMIZATION_LEVEL = "-O";
				VALIDATE_PRODUCT = YES;
			};
			name = Release;
		};
		B722992125FA731800CFD6A7 /* Debug */ = {
			isa = XCBuildConfiguration;
			baseConfigurationReference = 63AA44AC5506452EEAD4102E /* Pods-SpotifyMe.debug.xcconfig */;
			buildSettings = {
				ASSETCATALOG_COMPILER_APPICON_NAME = AppIcon;
				ASSETCATALOG_COMPILER_GLOBAL_ACCENT_COLOR_NAME = AccentColor;
				CODE_SIGN_STYLE = Automatic;
				DEVELOPMENT_TEAM = NPE3YFU9Q3;
				FRAMEWORK_SEARCH_PATHS = (
					"$(inherited)",
					"$(PROJECT_DIR)",
				);
				INFOPLIST_FILE = SpotifyMe/Info.plist;
				LD_RUNPATH_SEARCH_PATHS = (
					"$(inherited)",
					"@executable_path/Frameworks",
				);
				PRODUCT_BUNDLE_IDENTIFIER = com.SpotifyMe;
				PRODUCT_NAME = "$(TARGET_NAME)";
				SWIFT_VERSION = 5.0;
				TARGETED_DEVICE_FAMILY = 1;
			};
			name = Debug;
		};
		B722992225FA731800CFD6A7 /* Release */ = {
			isa = XCBuildConfiguration;
			baseConfigurationReference = 5F98D9470C4EC7926B32CBAB /* Pods-SpotifyMe.release.xcconfig */;
			buildSettings = {
				ASSETCATALOG_COMPILER_APPICON_NAME = AppIcon;
				ASSETCATALOG_COMPILER_GLOBAL_ACCENT_COLOR_NAME = AccentColor;
				CODE_SIGN_STYLE = Automatic;
				DEVELOPMENT_TEAM = NPE3YFU9Q3;
				FRAMEWORK_SEARCH_PATHS = (
					"$(inherited)",
					"$(PROJECT_DIR)",
				);
				INFOPLIST_FILE = SpotifyMe/Info.plist;
				LD_RUNPATH_SEARCH_PATHS = (
					"$(inherited)",
					"@executable_path/Frameworks",
				);
				PRODUCT_BUNDLE_IDENTIFIER = com.SpotifyMe;
				PRODUCT_NAME = "$(TARGET_NAME)";
				SWIFT_VERSION = 5.0;
				TARGETED_DEVICE_FAMILY = 1;
			};
			name = Release;
		};
		B722992425FA731800CFD6A7 /* Debug */ = {
			isa = XCBuildConfiguration;
			baseConfigurationReference = 458B35CE9928FC1AC50311FD /* Pods-SpotifyMeTests.debug.xcconfig */;
			buildSettings = {
				ALWAYS_EMBED_SWIFT_STANDARD_LIBRARIES = YES;
				BUNDLE_LOADER = "$(TEST_HOST)";
				CODE_SIGN_STYLE = Automatic;
				DEVELOPMENT_TEAM = NPE3YFU9Q3;
				FRAMEWORK_SEARCH_PATHS = (
					"$(inherited)",
					"$(PROJECT_DIR)",
				);
				INFOPLIST_FILE = SpotifyMeTests/Info.plist;
				IPHONEOS_DEPLOYMENT_TARGET = 14.4;
				LD_RUNPATH_SEARCH_PATHS = (
					"$(inherited)",
					"@executable_path/Frameworks",
					"@loader_path/Frameworks",
				);
				PRODUCT_BUNDLE_IDENTIFIER = com.SpotifyMeTests;
				PRODUCT_NAME = "$(TARGET_NAME)";
				SWIFT_VERSION = 5.0;
				TARGETED_DEVICE_FAMILY = "1,2";
				TEST_HOST = "$(BUILT_PRODUCTS_DIR)/SpotifyMe.app/SpotifyMe";
			};
			name = Debug;
		};
		B722992525FA731800CFD6A7 /* Release */ = {
			isa = XCBuildConfiguration;
			baseConfigurationReference = 8829DE275DCC22C32F37D05A /* Pods-SpotifyMeTests.release.xcconfig */;
			buildSettings = {
				ALWAYS_EMBED_SWIFT_STANDARD_LIBRARIES = YES;
				BUNDLE_LOADER = "$(TEST_HOST)";
				CODE_SIGN_STYLE = Automatic;
				DEVELOPMENT_TEAM = NPE3YFU9Q3;
				FRAMEWORK_SEARCH_PATHS = (
					"$(inherited)",
					"$(PROJECT_DIR)",
				);
				INFOPLIST_FILE = SpotifyMeTests/Info.plist;
				IPHONEOS_DEPLOYMENT_TARGET = 14.4;
				LD_RUNPATH_SEARCH_PATHS = (
					"$(inherited)",
					"@executable_path/Frameworks",
					"@loader_path/Frameworks",
				);
				PRODUCT_BUNDLE_IDENTIFIER = com.SpotifyMeTests;
				PRODUCT_NAME = "$(TARGET_NAME)";
				SWIFT_VERSION = 5.0;
				TARGETED_DEVICE_FAMILY = "1,2";
				TEST_HOST = "$(BUILT_PRODUCTS_DIR)/SpotifyMe.app/SpotifyMe";
			};
			name = Release;
		};
		B722992725FA731800CFD6A7 /* Debug */ = {
			isa = XCBuildConfiguration;
			baseConfigurationReference = A11A541AA175A1EDCED6D6D6 /* Pods-SpotifyMe-SpotifyMeUITests.debug.xcconfig */;
			buildSettings = {
				ALWAYS_EMBED_SWIFT_STANDARD_LIBRARIES = YES;
				CODE_SIGN_STYLE = Automatic;
				DEVELOPMENT_TEAM = NPE3YFU9Q3;
				INFOPLIST_FILE = SpotifyMeUITests/Info.plist;
				LD_RUNPATH_SEARCH_PATHS = (
					"$(inherited)",
					"@executable_path/Frameworks",
					"@loader_path/Frameworks",
				);
				PRODUCT_BUNDLE_IDENTIFIER = com.SpotifyMeUITests;
				PRODUCT_NAME = "$(TARGET_NAME)";
				SWIFT_VERSION = 5.0;
				TARGETED_DEVICE_FAMILY = "1,2";
				TEST_TARGET_NAME = SpotifyMe;
			};
			name = Debug;
		};
		B722992825FA731800CFD6A7 /* Release */ = {
			isa = XCBuildConfiguration;
			baseConfigurationReference = E60A2CE9EB63396D41355369 /* Pods-SpotifyMe-SpotifyMeUITests.release.xcconfig */;
			buildSettings = {
				ALWAYS_EMBED_SWIFT_STANDARD_LIBRARIES = YES;
				CODE_SIGN_STYLE = Automatic;
				DEVELOPMENT_TEAM = NPE3YFU9Q3;
				INFOPLIST_FILE = SpotifyMeUITests/Info.plist;
				LD_RUNPATH_SEARCH_PATHS = (
					"$(inherited)",
					"@executable_path/Frameworks",
					"@loader_path/Frameworks",
				);
				PRODUCT_BUNDLE_IDENTIFIER = com.SpotifyMeUITests;
				PRODUCT_NAME = "$(TARGET_NAME)";
				SWIFT_VERSION = 5.0;
				TARGETED_DEVICE_FAMILY = "1,2";
				TEST_TARGET_NAME = SpotifyMe;
			};
			name = Release;
		};
/* End XCBuildConfiguration section */

/* Begin XCConfigurationList section */
		B72298EE25FA731600CFD6A7 /* Build configuration list for PBXProject "SpotifyMe" */ = {
			isa = XCConfigurationList;
			buildConfigurations = (
				B722991E25FA731800CFD6A7 /* Debug */,
				B722991F25FA731800CFD6A7 /* Release */,
			);
			defaultConfigurationIsVisible = 0;
			defaultConfigurationName = Release;
		};
		B722992025FA731800CFD6A7 /* Build configuration list for PBXNativeTarget "SpotifyMe" */ = {
			isa = XCConfigurationList;
			buildConfigurations = (
				B722992125FA731800CFD6A7 /* Debug */,
				B722992225FA731800CFD6A7 /* Release */,
			);
			defaultConfigurationIsVisible = 0;
			defaultConfigurationName = Release;
		};
		B722992325FA731800CFD6A7 /* Build configuration list for PBXNativeTarget "SpotifyMeTests" */ = {
			isa = XCConfigurationList;
			buildConfigurations = (
				B722992425FA731800CFD6A7 /* Debug */,
				B722992525FA731800CFD6A7 /* Release */,
			);
			defaultConfigurationIsVisible = 0;
			defaultConfigurationName = Release;
		};
		B722992625FA731800CFD6A7 /* Build configuration list for PBXNativeTarget "SpotifyMeUITests" */ = {
			isa = XCConfigurationList;
			buildConfigurations = (
				B722992725FA731800CFD6A7 /* Debug */,
				B722992825FA731800CFD6A7 /* Release */,
			);
			defaultConfigurationIsVisible = 0;
			defaultConfigurationName = Release;
		};
/* End XCConfigurationList section */

/* Begin XCVersionGroup section */
		B72298FF25FA731600CFD6A7 /* SpotifyMe.xcdatamodeld */ = {
			isa = XCVersionGroup;
			children = (
				B722990025FA731600CFD6A7 /* SpotifyMe.xcdatamodel */,
			);
			currentVersion = B722990025FA731600CFD6A7 /* SpotifyMe.xcdatamodel */;
			path = SpotifyMe.xcdatamodeld;
			sourceTree = "<group>";
			versionGroupType = wrapper.xcdatamodel;
		};
/* End XCVersionGroup section */
	};
	rootObject = B72298EB25FA731600CFD6A7 /* Project object */;
}
